// !$*UTF8*$!
{
	archiveVersion = 1;
	classes = {
	};
	objectVersion = 56;
	objects = {

/* Begin PBXBuildFile section */
		A10000000000000000000001 /* AppModel.swift in Sources */ = {isa = PBXBuildFile; fileRef = A10000000000000000000011 /* AppModel.swift */; };
		A10000000000000000000002 /* AppModelTests.swift in Sources */ = {isa = PBXBuildFile; fileRef = A10000000000000000000012 /* AppModelTests.swift */; };
/* End PBXBuildFile section */

/* Begin PBXFileReference section */
		A10000000000000000000011 /* AppModel.swift */ = {isa = PBXFileReference; lastKnownFileType = sourcecode.swift; path = AppModel.swift; sourceTree = "<group>"; };
		A10000000000000000000012 /* AppModelTests.swift */ = {isa = PBXFileReference; lastKnownFileType = sourcecode.swift; path = AppModelTests.swift; sourceTree = "<group>"; };
		A10000000000000000000021 /* DemoApp.app */ = {isa = PBXFileReference; explicitFileType = wrapper.application; includeInIndex = 0; path = DemoApp.app; sourceTree = BUILT_PRODUCTS_DIR; };
		A10000000000000000000022 /* DemoAppTests.xctest */ = {isa = PBXFileReference; explicitFileType = wrapper.cfbundle; includeInIndex = 0; path = DemoAppTests.xctest; sourceTree = BUILT_PRODUCTS_DIR; };
/* End PBXFileReference section */

/* Begin PBXFrameworksBuildPhase section */
		A10000000000000000000031 /* Frameworks */ = {
			isa = PBXFrameworksBuildPhase;
			buildActionMask = 2147483647;
			files = (
			);
			runOnlyForDeploymentPostprocessing = 0;
		};
		A10000000000000000000032 /* Frameworks */ = {
			isa = PBXFrameworksBuildPhase;
			buildActionMask = 2147483647;
			files = (
			);
			runOnlyForDeploymentPostprocessing = 0;
		};
/* End PBXFrameworksBuildPhase section */

/* Begin PBXGroup section */
		A10000000000000000000040 = {
			isa = PBXGroup;
			children = (
				A10000000000000000000041 /* Sources */,
				A10000000000000000000042 /* Tests */,
				A10000000000000000000043 /* Products */,
			);
			sourceTree = "<group>";
		};
		A10000000000000000000041 /* Sources */ = {
			isa = PBXGroup;
			children = (
				A10000000000000000000044 /* DemoApp */,
			);
			path = Sources;
			sourceTree = "<group>";
		};
		A10000000000000000000042 /* Tests */ = {
			isa = PBXGroup;
			children = (
				A10000000000000000000045 /* DemoAppTests */,
			);
			path = Tests;
			sourceTree = "<group>";
		};
		A10000000000000000000043 /* Products */ = {
			isa = PBXGroup;
			children = (
				A10000000000000000000021 /* DemoApp.app */,
				A10000000000000000000022 /* DemoAppTests.xctest */,
			);
			name = Products;
			sourceTree = "<group>";
		};
		A10000000000000000000044 /* DemoApp */ = {
			isa = PBXGroup;
			children = (
				A10000000000000000000011 /* AppModel.swift */,
			);
			path = DemoApp;
			sourceTree = "<group>";
		};
		A10000000000000000000045 /* DemoAppTests */ = {
			isa = PBXGroup;
			children = (
				A10000000000000000000012 /* AppModelTests.swift */,
			);
			path = DemoAppTests;
			sourceTree = "<group>";
		};
/* End PBXGroup section */

/* Begin PBXNativeTarget section */
		A10000000000000000000050 /* DemoApp */ = {
			isa = PBXNativeTarget;
			buildConfigurationList = A10000000000000000000061 /* Build configuration list for PBXNativeTarget "DemoApp" */;
			buildPhases = (
				A10000000000000000000033 /* Sources */,
				A10000000000000000000031 /* Frameworks */,
			);
			buildRules = (
			);
			dependencies = (
			);
			name = DemoApp;
			productName = DemoApp;
			productReference = A10000000000000000000021 /* DemoApp.app */;
			productType = "com.apple.product-type.application";
		};
		A10000000000000000000051 /* DemoAppTests */ = {
			isa = PBXNativeTarget;
			buildConfigurationList = A10000000000000000000062 /* Build configuration list for PBXNativeTarget "DemoAppTests" */;
			buildPhases = (
				A10000000000000000000034 /* Sources */,
				A10000000000000000000032 /* Frameworks */,
			);
			buildRules = (
			);
			dependencies = (
			);
			name = DemoAppTests;
			productName = DemoAppTests;
			productReference = A10000000000000000000022 /* DemoAppTests.xctest */;
			productType = "com.apple.product-type.bundle.unit-test";
		};
/* End PBXNativeTarget section */

/* Begin PBXProject section */
		A10000000000000000000060 /* Project object */ = {
			isa = PBXProject;
			attributes = {
				LastSwiftUpdateCheck = 1600;
				LastUpgradeCheck = 1600;
				TargetAttributes = {
				};
			};
			buildConfigurationList = A10000000000000000000063 /* Build configuration list for PBXProject "SimpleXcodeProject" */;
			compatibilityVersion = "Xcode 15.0";
			developmentRegion = en;
			hasScannedForEncodings = 0;
			knownRegions = (
				en,
				Base,
			);
			mainGroup = A10000000000000000000040;
			productRefGroup = A10000000000000000000043 /* Products */;
			projectDirPath = "";
			projectRoot = "";
			targets = (
				A10000000000000000000050 /* DemoApp */,
				A10000000000000000000051 /* DemoAppTests */,
			);
		};
/* End PBXProject section */

/* Begin PBXSourcesBuildPhase section */
		A10000000000000000000033 /* Sources */ = {
			isa = PBXSourcesBuildPhase;
			buildActionMask = 2147483647;
			files = (
				A10000000000000000000001 /* AppModel.swift in Sources */,
			);
			runOnlyForDeploymentPostprocessing = 0;
		};
		A10000000000000000000034 /* Sources */ = {
			isa = PBXSourcesBuildPhase;
			buildActionMask = 2147483647;
			files = (
				A10000000000000000000002 /* AppModelTests.swift in Sources */,
			);
			runOnlyForDeploymentPostprocessing = 0;
		};
/* End PBXSourcesBuildPhase section */

/* Begin XCBuildConfiguration section */
		A10000000000000000000071 /* Debug */ = {
			isa = XCBuildConfiguration;
			buildSettings = {
				IPHONEOS_DEPLOYMENT_TARGET = 17.0;
				SWIFT_VERSION = 5.0;
			};
			name = Debug;
		};
		A10000000000000000000072 /* Release */ = {
			isa = XCBuildConfiguration;
			buildSettings = {
				IPHONEOS_DEPLOYMENT_TARGET = 17.0;
				SWIFT_VERSION = 5.0;
			};
			name = Release;
		};
		A10000000000000000000073 /* Debug */ = {
			isa = XCBuildConfiguration;
			buildSettings = {
				IPHONEOS_DEPLOYMENT_TARGET = 17.0;
				PRODUCT_NAME = "$(TARGET_NAME)";
			};
			name = Debug;
		};
		A10000000000000000000074 /* Release */ = {
			isa = XCBuildConfiguration;
			buildSettings = {
				IPHONEOS_DEPLOYMENT_TARGET = 17.0;
				PRODUCT_NAME = "$(TARGET_NAME)";
			};
			name = Release;
		};
		A10000000000000000000075 /* Debug */ = {
			isa = XCBuildConfiguration;
			buildSettings = {
				IPHONEOS_DEPLOYMENT_TARGET = 17.0;
				PRODUCT_NAME = "$(TARGET_NAME)";
			};
			name = Debug;
		};
		A10000000000000000000076 /* Release */ = {
			isa = XCBuildConfiguration;
			buildSettings = {
				IPHONEOS_DEPLOYMENT_TARGET = 17.0;
				PRODUCT_NAME = "$(TARGET_NAME)";
			};
			name = Release;
		};
/* End XCBuildConfiguration section */

/* Begin XCConfigurationList section */
		A10000000000000000000061 /* Build configuration list for PBXNativeTarget "DemoApp" */ = {
			isa = XCConfigurationList;
			buildConfigurations = (
				A10000000000000000000073 /* Debug */,
				A10000000000000000000074 /* Release */,
			);
			defaultConfigurationIsVisible = 0;
			defaultConfigurationName = Release;
		};
		A10000000000000000000062 /* Build configuration list for PBXNativeTarget "DemoAppTests" */ = {
			isa = XCConfigurationList;
			buildConfigurations = (
				A10000000000000000000075 /* Debug */,
				A10000000000000000000076 /* Release */,
			);
			defaultConfigurationIsVisible = 0;
			defaultConfigurationName = Release;
		};
		A10000000000000000000063 /* Build configuration list for PBXProject "SimpleXcodeProject" */ = {
			isa = XCConfigurationList;
			buildConfigurations = (
				A10000000000000000000071 /* Debug */,
				A10000000000000000000072 /* Release */,
			);
			defaultConfigurationIsVisible = 0;
			defaultConfigurationName = Release;
		};
/* End XCConfigurationList section */
	};
	rootObject = A10000000000000000000060 /* Project object */;
}
